
Microsoft Visual Studio Solution File, Format Version 12.00
# Visual Studio Version 17
VisualStudioVersion = 17.14.36429.23
MinimumVisualStudioVersion = 10.0.40219.1
Project("{FAE04EC0-301F-11D3-BF4B-00C04F79EFBC}") = "dotnetcodes", "dotnetcodes\dotnetcodes.csproj", "{71D3E671-DC4E-4DB2-96D0-E03F6B06C22C}"
EndProject
Project("{FAE04EC0-301F-11D3-BF4B-00C04F79EFBC}") = "filio", "filio\filio.csproj", "{CA30B4D2-2040-49FA-8749-867B2689F436}"
EndProject
Project("{FAE04EC0-301F-11D3-BF4B-00C04F79EFBC}") = "encryption_intro", "encryption_intro\encryption_intro.csproj", "{2FE083E2-8CDB-4ABE-B091-B4098F4928A7}"
EndProject
Project("{FAE04EC0-301F-11D3-BF4B-00C04F79EFBC}") = "stringbuilder", "stringbuilder\stringbuilder.csproj", "{2AFF7045-3794-4B9B-BFA2-7F4021716B69}"
EndProject
Project("{FAE04EC0-301F-11D3-BF4B-00C04F79EFBC}") = "method-parameters", "method-parameters\method-parameters.csproj", "{FA45975F-280F-451F-B925-1129CE2E4450}"
EndProject
Project("{FAE04EC0-301F-11D3-BF4B-00C04F79EFBC}") = "fieldsAndProperties", "fieldsAndProperties\fieldsAndProperties.csproj", "{0DA033EA-D3E9-476E-8532-2289450973A1}"
EndProject
Project("{FAE04EC0-301F-11D3-BF4B-00C04F79EFBC}") = "ClassAndInheritance", "ClassAndInheritance\ClassAndInheritance.csproj", "{1F05C00C-732F-45BA-A1BE-2DC1F57F832F}"
EndProject
Global
	GlobalSection(SolutionConfigurationPlatforms) = preSolution
		Debug|Any CPU = Debug|Any CPU
		Release|Any CPU = Release|Any CPU
	EndGlobalSection
	GlobalSection(ProjectConfigurationPlatforms) = postSolution
		{71D3E671-DC4E-4DB2-96D0-E03F6B06C22C}.Debug|Any CPU.ActiveCfg = Debug|Any CPU
		{71D3E671-DC4E-4DB2-96D0-E03F6B06C22C}.Debug|Any CPU.Build.0 = Debug|Any CPU
		{71D3E671-DC4E-4DB2-96D0-E03F6B06C22C}.Release|Any CPU.ActiveCfg = Release|Any CPU
		{71D3E671-DC4E-4DB2-96D0-E03F6B06C22C}.Release|Any CPU.Build.0 = Release|Any CPU
		{CA30B4D2-2040-49FA-8749-867B2689F436}.Debug|Any CPU.ActiveCfg = Debug|Any CPU
		{CA30B4D2-2040-49FA-8749-867B2689F436}.Debug|Any CPU.Build.0 = Debug|Any CPU
		{CA30B4D2-2040-49FA-8749-867B2689F436}.Release|Any CPU.ActiveCfg = Release|Any CPU
		{CA30B4D2-2040-49FA-8749-867B2689F436}.Release|Any CPU.Build.0 = Release|Any CPU
		{2FE083E2-8CDB-4ABE-B091-B4098F4928A7}.Debug|Any CPU.ActiveCfg = Debug|Any CPU
		{2FE083E2-8CDB-4ABE-B091-B4098F4928A7}.Debug|Any CPU.Build.0 = Debug|Any CPU
		{2FE083E2-8CDB-4ABE-B091-B4098F4928A7}.Release|Any CPU.ActiveCfg = Release|Any CPU
		{2FE083E2-8CDB-4ABE-B091-B4098F4928A7}.Release|Any CPU.Build.0 = Release|Any CPU
		{2AFF7045-3794-4B9B-BFA2-7F4021716B69}.Debug|Any CPU.ActiveCfg = Debug|Any CPU
		{2AFF7045-3794-4B9B-BFA2-7F4021716B69}.Debug|Any CPU.Build.0 = Debug|Any CPU
		{2AFF7045-3794-4B9B-BFA2-7F4021716B69}.Release|Any CPU.ActiveCfg = Release|Any CPU
		{2AFF7045-3794-4B9B-BFA2-7F4021716B69}.Release|Any CPU.Build.0 = Release|Any CPU
		{FA45975F-280F-451F-B925-1129CE2E4450}.Debug|Any CPU.ActiveCfg = Debug|Any CPU
		{FA45975F-280F-451F-B925-1129CE2E4450}.Debug|Any CPU.Build.0 = Debug|Any CPU
		{FA45975F-280F-451F-B925-1129CE2E4450}.Release|Any CPU.ActiveCfg = Release|Any CPU
		{FA45975F-280F-451F-B925-1129CE2E4450}.Release|Any CPU.Build.0 = Release|Any CPU
		{0DA033EA-D3E9-476E-8532-2289450973A1}.Debug|Any CPU.ActiveCfg = Debug|Any CPU
		{0DA033EA-D3E9-476E-8532-2289450973A1}.Debug|Any CPU.Build.0 = Debug|Any CPU
		{0DA033EA-D3E9-476E-8532-2289450973A1}.Release|Any CPU.ActiveCfg = Release|Any CPU
		{0DA033EA-D3E9-476E-8532-2289450973A1}.Release|Any CPU.Build.0 = Release|Any CPU
		{1F05C00C-732F-45BA-A1BE-2DC1F57F832F}.Debug|Any CPU.ActiveCfg = Debug|Any CPU
		{1F05C00C-732F-45BA-A1BE-2DC1F57F832F}.Debug|Any CPU.Build.0 = Debug|Any CPU
		{1F05C00C-732F-45BA-A1BE-2DC1F57F832F}.Release|Any CPU.ActiveCfg = Release|Any CPU
		{1F05C00C-732F-45BA-A1BE-2DC1F57F832F}.Release|Any CPU.Build.0 = Release|Any CPU
	EndGlobalSection
	GlobalSection(SolutionProperties) = preSolution
		HideSolutionNode = FALSE
	EndGlobalSection
	GlobalSection(ExtensibilityGlobals) = postSolution
		SolutionGuid = {A27D4F9D-95A7-45A3-B076-0B372FC4E1EB}
	EndGlobalSection
EndGlobal
